
Microsoft Visual Studio Solution File, Format Version 12.00
# Visual Studio 15
VisualStudioVersion = 15.0.28010.2048
MinimumVisualStudioVersion = 10.0.40219.1
Project("{FAE04EC0-301F-11D3-BF4B-00C04F79EFBC}") = "KruArchInstaller", "KruArchInstaller\KruArchInstaller.csproj", "{45DA696F-52AC-427E-BBF9-F3BB0D642A00}"
EndProject
Global
	GlobalSection(SolutionConfigurationPlatforms) = preSolution
		Debug|Any CPU = Debug|Any CPU
		Release|Any CPU = Release|Any CPU
	EndGlobalSection
	GlobalSection(ProjectConfigurationPlatforms) = postSolution
		{45DA696F-52AC-427E-BBF9-F3BB0D642A00}.Debug|Any CPU.ActiveCfg = Debug|Any CPU
		{45DA696F-52AC-427E-BBF9-F3BB0D642A00}.Debug|Any CPU.Build.0 = Debug|Any CPU
		{45DA696F-52AC-427E-BBF9-F3BB0D642A00}.Release|Any CPU.ActiveCfg = Release|Any CPU
		{45DA696F-52AC-427E-BBF9-F3BB0D642A00}.Release|Any CPU.Build.0 = Release|Any CPU
	EndGlobalSection
	GlobalSection(SolutionProperties) = preSolution
		HideSolutionNode = FALSE
	EndGlobalSection
	GlobalSection(ExtensibilityGlobals) = postSolution
		SolutionGuid = {2AC26465-A7DB-4D52-9D50-8745A5F8E1DF}
	EndGlobalSection
EndGlobal
